
Microsoft Visual Studio Solution File, Format Version 12.00
Project("{FAE04EC0-301F-11D3-BF4B-00C04F79EFBC}") = "kr", "kr\kr.csproj", "{DF327972-D5BB-402E-B1BF-B1B861A843AB}"
EndProject
Global
	GlobalSection(SolutionConfigurationPlatforms) = preSolution
		Debug|Any CPU = Debug|Any CPU
		Release|Any CPU = Release|Any CPU
	EndGlobalSection
	GlobalSection(ProjectConfigurationPlatforms) = postSolution
		{DF327972-D5BB-402E-B1BF-B1B861A843AB}.Debug|Any CPU.ActiveCfg = Debug|Any CPU
		{DF327972-D5BB-402E-B1BF-B1B861A843AB}.Debug|Any CPU.Build.0 = Debug|Any CPU
		{DF327972-D5BB-402E-B1BF-B1B861A843AB}.Release|Any CPU.ActiveCfg = Release|Any CPU
		{DF327972-D5BB-402E-B1BF-B1B861A843AB}.Release|Any CPU.Build.0 = Release|Any CPU
	EndGlobalSection
EndGlobal
